// !$*UTF8*$!
{
	archiveVersion = 1;
	classes = {
	};
	objectVersion = 50;
	objects = {

/* Begin PBXBuildFile section */
		625C8F442225DA5200B045DA /* AppDelegate.swift in Sources */ = {isa = PBXBuildFile; fileRef = 625C8F432225DA5200B045DA /* AppDelegate.swift */; };
		625C8F492225DA5200B045DA /* Main.storyboard in Resources */ = {isa = PBXBuildFile; fileRef = 625C8F472225DA5200B045DA /* Main.storyboard */; };
		625C8F4B2225DA5200B045DA /* Assets.xcassets in Resources */ = {isa = PBXBuildFile; fileRef = 625C8F4A2225DA5200B045DA /* Assets.xcassets */; };
		625C8F4E2225DA5200B045DA /* LaunchScreen.storyboard in Resources */ = {isa = PBXBuildFile; fileRef = 625C8F4C2225DA5200B045DA /* LaunchScreen.storyboard */; };
		625C8F582225DFB700B045DA /* PostListTableViewController.swift in Sources */ = {isa = PBXBuildFile; fileRef = 625C8F572225DFB700B045DA /* PostListTableViewController.swift */; };
		625C8F5A2225DFC700B045DA /* PostDetailTableViewController.swift in Sources */ = {isa = PBXBuildFile; fileRef = 625C8F592225DFC700B045DA /* PostDetailTableViewController.swift */; };
		625C8F5C2225DFE300B045DA /* AddPostTableViewController.swift in Sources */ = {isa = PBXBuildFile; fileRef = 625C8F5B2225DFE300B045DA /* AddPostTableViewController.swift */; };
		625C8F5F2225E06B00B045DA /* Post.swift in Sources */ = {isa = PBXBuildFile; fileRef = 625C8F5E2225E06B00B045DA /* Post.swift */; };
		625C8F622225E24400B045DA /* Comment.swift in Sources */ = {isa = PBXBuildFile; fileRef = 625C8F612225E24400B045DA /* Comment.swift */; };
		625C8F652225E31300B045DA /* PostController.swift in Sources */ = {isa = PBXBuildFile; fileRef = 625C8F642225E31300B045DA /* PostController.swift */; };
		625C8F682225E72E00B045DA /* PostTableViewCell.swift in Sources */ = {isa = PBXBuildFile; fileRef = 625C8F672225E72E00B045DA /* PostTableViewCell.swift */; };
		629B6B5A2226F16600EDEDEC /* SearchableRecord.swift in Sources */ = {isa = PBXBuildFile; fileRef = 629B6B592226F16600EDEDEC /* SearchableRecord.swift */; };
		629B6B6422274A4000EDEDEC /* PhotoSelectorViewController.swift in Sources */ = {isa = PBXBuildFile; fileRef = 629B6B6322274A4000EDEDEC /* PhotoSelectorViewController.swift */; };
		62A3893E22286061008D92F1 /* CloudKit.framework in Frameworks */ = {isa = PBXBuildFile; fileRef = 62A3893D22286061008D92F1 /* CloudKit.framework */; };
/* End PBXBuildFile section */

/* Begin PBXFileReference section */
		625C8F402225DA5200B045DA /* continuum.app */ = {isa = PBXFileReference; explicitFileType = wrapper.application; includeInIndex = 0; path = continuum.app; sourceTree = BUILT_PRODUCTS_DIR; };
		625C8F432225DA5200B045DA /* AppDelegate.swift */ = {isa = PBXFileReference; lastKnownFileType = sourcecode.swift; path = AppDelegate.swift; sourceTree = "<group>"; };
		625C8F482225DA5200B045DA /* Base */ = {isa = PBXFileReference; lastKnownFileType = file.storyboard; name = Base; path = Base.lproj/Main.storyboard; sourceTree = "<group>"; };
		625C8F4A2225DA5200B045DA /* Assets.xcassets */ = {isa = PBXFileReference; lastKnownFileType = folder.assetcatalog; path = Assets.xcassets; sourceTree = "<group>"; };
		625C8F4D2225DA5200B045DA /* Base */ = {isa = PBXFileReference; lastKnownFileType = file.storyboard; name = Base; path = Base.lproj/LaunchScreen.storyboard; sourceTree = "<group>"; };
		625C8F4F2225DA5200B045DA /* Info.plist */ = {isa = PBXFileReference; lastKnownFileType = text.plist.xml; path = Info.plist; sourceTree = "<group>"; };
		625C8F572225DFB700B045DA /* PostListTableViewController.swift */ = {isa = PBXFileReference; lastKnownFileType = sourcecode.swift; path = PostListTableViewController.swift; sourceTree = "<group>"; };
		625C8F592225DFC700B045DA /* PostDetailTableViewController.swift */ = {isa = PBXFileReference; lastKnownFileType = sourcecode.swift; path = PostDetailTableViewController.swift; sourceTree = "<group>"; };
		625C8F5B2225DFE300B045DA /* AddPostTableViewController.swift */ = {isa = PBXFileReference; lastKnownFileType = sourcecode.swift; path = AddPostTableViewController.swift; sourceTree = "<group>"; };
		625C8F5E2225E06B00B045DA /* Post.swift */ = {isa = PBXFileReference; lastKnownFileType = sourcecode.swift; path = Post.swift; sourceTree = "<group>"; };
		625C8F612225E24400B045DA /* Comment.swift */ = {isa = PBXFileReference; lastKnownFileType = sourcecode.swift; path = Comment.swift; sourceTree = "<group>"; };
		625C8F642225E31300B045DA /* PostController.swift */ = {isa = PBXFileReference; lastKnownFileType = sourcecode.swift; path = PostController.swift; sourceTree = "<group>"; };
		625C8F672225E72E00B045DA /* PostTableViewCell.swift */ = {isa = PBXFileReference; lastKnownFileType = sourcecode.swift; path = PostTableViewCell.swift; sourceTree = "<group>"; };
		629B6B592226F16600EDEDEC /* SearchableRecord.swift */ = {isa = PBXFileReference; lastKnownFileType = sourcecode.swift; path = SearchableRecord.swift; sourceTree = "<group>"; };
		629B6B6322274A4000EDEDEC /* PhotoSelectorViewController.swift */ = {isa = PBXFileReference; lastKnownFileType = sourcecode.swift; path = PhotoSelectorViewController.swift; sourceTree = "<group>"; };
		62A3893B2228605F008D92F1 /* continuum.entitlements */ = {isa = PBXFileReference; lastKnownFileType = text.plist.entitlements; path = continuum.entitlements; sourceTree = "<group>"; };
		62A3893D22286061008D92F1 /* CloudKit.framework */ = {isa = PBXFileReference; lastKnownFileType = wrapper.framework; name = CloudKit.framework; path = System/Library/Frameworks/CloudKit.framework; sourceTree = SDKROOT; };
/* End PBXFileReference section */

/* Begin PBXFrameworksBuildPhase section */
		625C8F3D2225DA5200B045DA /* Frameworks */ = {
			isa = PBXFrameworksBuildPhase;
			buildActionMask = 2147483647;
			files = (
				62A3893E22286061008D92F1 /* CloudKit.framework in Frameworks */,
			);
			runOnlyForDeploymentPostprocessing = 0;
		};
/* End PBXFrameworksBuildPhase section */

/* Begin PBXGroup section */
		625C8F372225DA5200B045DA = {
			isa = PBXGroup;
			children = (
				625C8F422225DA5200B045DA /* continuum */,
				625C8F412225DA5200B045DA /* Products */,
				62A3893C22286061008D92F1 /* Frameworks */,
			);
			sourceTree = "<group>";
		};
		625C8F412225DA5200B045DA /* Products */ = {
			isa = PBXGroup;
			children = (
				625C8F402225DA5200B045DA /* continuum.app */,
			);
			name = Products;
			sourceTree = "<group>";
		};
		625C8F422225DA5200B045DA /* continuum */ = {
			isa = PBXGroup;
			children = (
				62A3893B2228605F008D92F1 /* continuum.entitlements */,
				625C8F602225E07000B045DA /* Models */,
				625C8F562225DCB400B045DA /* Views */,
				625C8F5D2225DFEE00B045DA /* Controllers */,
				625C8F552225DCA600B045DA /* Resources */,
			);
			path = continuum;
			sourceTree = "<group>";
		};
		625C8F552225DCA600B045DA /* Resources */ = {
			isa = PBXGroup;
			children = (
				625C8F432225DA5200B045DA /* AppDelegate.swift */,
				625C8F4A2225DA5200B045DA /* Assets.xcassets */,
				625C8F4C2225DA5200B045DA /* LaunchScreen.storyboard */,
				625C8F4F2225DA5200B045DA /* Info.plist */,
			);
			path = Resources;
			sourceTree = "<group>";
		};
		625C8F562225DCB400B045DA /* Views */ = {
			isa = PBXGroup;
			children = (
				625C8F472225DA5200B045DA /* Main.storyboard */,
				625C8F672225E72E00B045DA /* PostTableViewCell.swift */,
			);
			path = Views;
			sourceTree = "<group>";
		};
		625C8F5D2225DFEE00B045DA /* Controllers */ = {
			isa = PBXGroup;
			children = (
				625C8F662225E31700B045DA /* ModelControllers */,
				625C8F632225E30400B045DA /* ViewControllers */,
			);
			path = Controllers;
			sourceTree = "<group>";
		};
		625C8F602225E07000B045DA /* Models */ = {
			isa = PBXGroup;
			children = (
				625C8F5E2225E06B00B045DA /* Post.swift */,
				625C8F612225E24400B045DA /* Comment.swift */,
				629B6B592226F16600EDEDEC /* SearchableRecord.swift */,
			);
			path = Models;
			sourceTree = "<group>";
		};
		625C8F632225E30400B045DA /* ViewControllers */ = {
			isa = PBXGroup;
			children = (
				625C8F572225DFB700B045DA /* PostListTableViewController.swift */,
				625C8F592225DFC700B045DA /* PostDetailTableViewController.swift */,
				625C8F5B2225DFE300B045DA /* AddPostTableViewController.swift */,
				629B6B6322274A4000EDEDEC /* PhotoSelectorViewController.swift */,
			);
			path = ViewControllers;
			sourceTree = "<group>";
		};
		625C8F662225E31700B045DA /* ModelControllers */ = {
			isa = PBXGroup;
			children = (
				625C8F642225E31300B045DA /* PostController.swift */,
			);
			path = ModelControllers;
			sourceTree = "<group>";
		};
		62A3893C22286061008D92F1 /* Frameworks */ = {
			isa = PBXGroup;
			children = (
				62A3893D22286061008D92F1 /* CloudKit.framework */,
			);
			name = Frameworks;
			sourceTree = "<group>";
		};
/* End PBXGroup section */

/* Begin PBXNativeTarget section */
		625C8F3F2225DA5200B045DA /* continuum */ = {
			isa = PBXNativeTarget;
			buildConfigurationList = 625C8F522225DA5200B045DA /* Build configuration list for PBXNativeTarget "continuum" */;
			buildPhases = (
				625C8F3C2225DA5200B045DA /* Sources */,
				625C8F3D2225DA5200B045DA /* Frameworks */,
				625C8F3E2225DA5200B045DA /* Resources */,
			);
			buildRules = (
			);
			dependencies = (
			);
			name = continuum;
			productName = continuum;
			productReference = 625C8F402225DA5200B045DA /* continuum.app */;
			productType = "com.apple.product-type.application";
		};
/* End PBXNativeTarget section */

/* Begin PBXProject section */
		625C8F382225DA5200B045DA /* Project object */ = {
			isa = PBXProject;
			attributes = {
				LastSwiftUpdateCheck = 1010;
				LastUpgradeCheck = 1010;
				ORGANIZATIONNAME = "RYAN GREENBURG";
				TargetAttributes = {
					625C8F3F2225DA5200B045DA = {
						CreatedOnToolsVersion = 10.1;
						SystemCapabilities = {
							com.apple.Push = {
								enabled = 1;
							};
							com.apple.iCloud = {
								enabled = 1;
							};
						};
					};
				};
			};
			buildConfigurationList = 625C8F3B2225DA5200B045DA /* Build configuration list for PBXProject "continuum" */;
			compatibilityVersion = "Xcode 9.3";
			developmentRegion = en;
			hasScannedForEncodings = 0;
			knownRegions = (
				en,
				Base,
			);
			mainGroup = 625C8F372225DA5200B045DA;
			productRefGroup = 625C8F412225DA5200B045DA /* Products */;
			projectDirPath = "";
			projectRoot = "";
			targets = (
				625C8F3F2225DA5200B045DA /* continuum */,
			);
		};
/* End PBXProject section */

/* Begin PBXResourcesBuildPhase section */
		625C8F3E2225DA5200B045DA /* Resources */ = {
			isa = PBXResourcesBuildPhase;
			buildActionMask = 2147483647;
			files = (
				625C8F4E2225DA5200B045DA /* LaunchScreen.storyboard in Resources */,
				625C8F4B2225DA5200B045DA /* Assets.xcassets in Resources */,
				625C8F492225DA5200B045DA /* Main.storyboard in Resources */,
			);
			runOnlyForDeploymentPostprocessing = 0;
		};
/* End PBXResourcesBuildPhase section */

/* Begin PBXSourcesBuildPhase section */
		625C8F3C2225DA5200B045DA /* Sources */ = {
			isa = PBXSourcesBuildPhase;
			buildActionMask = 2147483647;
			files = (
				625C8F442225DA5200B045DA /* AppDelegate.swift in Sources */,
				625C8F622225E24400B045DA /* Comment.swift in Sources */,
				629B6B5A2226F16600EDEDEC /* SearchableRecord.swift in Sources */,
				625C8F582225DFB700B045DA /* PostListTableViewController.swift in Sources */,
				625C8F682225E72E00B045DA /* PostTableViewCell.swift in Sources */,
				625C8F5C2225DFE300B045DA /* AddPostTableViewController.swift in Sources */,
				629B6B6422274A4000EDEDEC /* PhotoSelectorViewController.swift in Sources */,
				625C8F652225E31300B045DA /* PostController.swift in Sources */,
				625C8F5A2225DFC700B045DA /* PostDetailTableViewController.swift in Sources */,
				625C8F5F2225E06B00B045DA /* Post.swift in Sources */,
			);
			runOnlyForDeploymentPostprocessing = 0;
		};
/* End PBXSourcesBuildPhase section */

/* Begin PBXVariantGroup section */
		625C8F472225DA5200B045DA /* Main.storyboard */ = {
			isa = PBXVariantGroup;
			children = (
				625C8F482225DA5200B045DA /* Base */,
			);
			name = Main.storyboard;
			sourceTree = "<group>";
		};
		625C8F4C2225DA5200B045DA /* LaunchScreen.storyboard */ = {
			isa = PBXVariantGroup;
			children = (
				625C8F4D2225DA5200B045DA /* Base */,
			);
			name = LaunchScreen.storyboard;
			sourceTree = "<group>";
		};
/* End PBXVariantGroup section */

/* Begin XCBuildConfiguration section */
		625C8F502225DA5200B045DA /* Debug */ = {
			isa = XCBuildConfiguration;
			buildSettings = {
				ALWAYS_SEARCH_USER_PATHS = NO;
				CLANG_ANALYZER_NONNULL = YES;
				CLANG_ANALYZER_NUMBER_OBJECT_CONVERSION = YES_AGGRESSIVE;
				CLANG_CXX_LANGUAGE_STANDARD = "gnu++14";
				CLANG_CXX_LIBRARY = "libc++";
				CLANG_ENABLE_MODULES = YES;
				CLANG_ENABLE_OBJC_ARC = YES;
				CLANG_ENABLE_OBJC_WEAK = YES;
				CLANG_WARN_BLOCK_CAPTURE_AUTORELEASING = YES;
				CLANG_WARN_BOOL_CONVERSION = YES;
				CLANG_WARN_COMMA = YES;
				CLANG_WARN_CONSTANT_CONVERSION = YES;
				CLANG_WARN_DEPRECATED_OBJC_IMPLEMENTATIONS = YES;
				CLANG_WARN_DIRECT_OBJC_ISA_USAGE = YES_ERROR;
				CLANG_WARN_DOCUMENTATION_COMMENTS = YES;
				CLANG_WARN_EMPTY_BODY = YES;
				CLANG_WARN_ENUM_CONVERSION = YES;
				CLANG_WARN_INFINITE_RECURSION = YES;
				CLANG_WARN_INT_CONVERSION = YES;
				CLANG_WARN_NON_LITERAL_NULL_CONVERSION = YES;
				CLANG_WARN_OBJC_IMPLICIT_RETAIN_SELF = YES;
				CLANG_WARN_OBJC_LITERAL_CONVERSION = YES;
				CLANG_WARN_OBJC_ROOT_CLASS = YES_ERROR;
				CLANG_WARN_RANGE_LOOP_ANALYSIS = YES;
				CLANG_WARN_STRICT_PROTOTYPES = YES;
				CLANG_WARN_SUSPICIOUS_MOVE = YES;
				CLANG_WARN_UNGUARDED_AVAILABILITY = YES_AGGRESSIVE;
				CLANG_WARN_UNREACHABLE_CODE = YES;
				CLANG_WARN__DUPLICATE_METHOD_MATCH = YES;
				CODE_SIGN_IDENTITY = "iPhone Developer";
				COPY_PHASE_STRIP = NO;
				DEBUG_INFORMATION_FORMAT = dwarf;
				ENABLE_STRICT_OBJC_MSGSEND = YES;
				ENABLE_TESTABILITY = YES;
				GCC_C_LANGUAGE_STANDARD = gnu11;
				GCC_DYNAMIC_NO_PIC = NO;
				GCC_NO_COMMON_BLOCKS = YES;
				GCC_OPTIMIZATION_LEVEL = 0;
				GCC_PREPROCESSOR_DEFINITIONS = (
					"DEBUG=1",
					"$(inherited)",
				);
				GCC_WARN_64_TO_32_BIT_CONVERSION = YES;
				GCC_WARN_ABOUT_RETURN_TYPE = YES_ERROR;
				GCC_WARN_UNDECLARED_SELECTOR = YES;
				GCC_WARN_UNINITIALIZED_AUTOS = YES_AGGRESSIVE;
				GCC_WARN_UNUSED_FUNCTION = YES;
				GCC_WARN_UNUSED_VARIABLE = YES;
				IPHONEOS_DEPLOYMENT_TARGET = 12.1;
				MTL_ENABLE_DEBUG_INFO = INCLUDE_SOURCE;
				MTL_FAST_MATH = YES;
				ONLY_ACTIVE_ARCH = YES;
				SDKROOT = iphoneos;
				SWIFT_ACTIVE_COMPILATION_CONDITIONS = DEBUG;
				SWIFT_OPTIMIZATION_LEVEL = "-Onone";
			};
			name = Debug;
		};
		625C8F512225DA5200B045DA /* Release */ = {
			isa = XCBuildConfiguration;
			buildSettings = {
				ALWAYS_SEARCH_USER_PATHS = NO;
				CLANG_ANALYZER_NONNULL = YES;
				CLANG_ANALYZER_NUMBER_OBJECT_CONVERSION = YES_AGGRESSIVE;
				CLANG_CXX_LANGUAGE_STANDARD = "gnu++14";
				CLANG_CXX_LIBRARY = "libc++";
				CLANG_ENABLE_MODULES = YES;
				CLANG_ENABLE_OBJC_ARC = YES;
				CLANG_ENABLE_OBJC_WEAK = YES;
				CLANG_WARN_BLOCK_CAPTURE_AUTORELEASING = YES;
				CLANG_WARN_BOOL_CONVERSION = YES;
				CLANG_WARN_COMMA = YES;
				CLANG_WARN_CONSTANT_CONVERSION = YES;
				CLANG_WARN_DEPRECATED_OBJC_IMPLEMENTATIONS = YES;
				CLANG_WARN_DIRECT_OBJC_ISA_USAGE = YES_ERROR;
				CLANG_WARN_DOCUMENTATION_COMMENTS = YES;
				CLANG_WARN_EMPTY_BODY = YES;
				CLANG_WARN_ENUM_CONVERSION = YES;
				CLANG_WARN_INFINITE_RECURSION = YES;
				CLANG_WARN_INT_CONVERSION = YES;
				CLANG_WARN_NON_LITERAL_NULL_CONVERSION = YES;
				CLANG_WARN_OBJC_IMPLICIT_RETAIN_SELF = YES;
				CLANG_WARN_OBJC_LITERAL_CONVERSION = YES;
				CLANG_WARN_OBJC_ROOT_CLASS = YES_ERROR;
				CLANG_WARN_RANGE_LOOP_ANALYSIS = YES;
				CLANG_WARN_STRICT_PROTOTYPES = YES;
				CLANG_WARN_SUSPICIOUS_MOVE = YES;
				CLANG_WARN_UNGUARDED_AVAILABILITY = YES_AGGRESSIVE;
				CLANG_WARN_UNREACHABLE_CODE = YES;
				CLANG_WARN__DUPLICATE_METHOD_MATCH = YES;
				CODE_SIGN_IDENTITY = "iPhone Developer";
				COPY_PHASE_STRIP = NO;
				DEBUG_INFORMATION_FORMAT = "dwarf-with-dsym";
				ENABLE_NS_ASSERTIONS = NO;
				ENABLE_STRICT_OBJC_MSGSEND = YES;
				GCC_C_LANGUAGE_STANDARD = gnu11;
				GCC_NO_COMMON_BLOCKS = YES;
				GCC_WARN_64_TO_32_BIT_CONVERSION = YES;
				GCC_WARN_ABOUT_RETURN_TYPE = YES_ERROR;
				GCC_WARN_UNDECLARED_SELECTOR = YES;
				GCC_WARN_UNINITIALIZED_AUTOS = YES_AGGRESSIVE;
				GCC_WARN_UNUSED_FUNCTION = YES;
				GCC_WARN_UNUSED_VARIABLE = YES;
				IPHONEOS_DEPLOYMENT_TARGET = 12.1;
				MTL_ENABLE_DEBUG_INFO = NO;
				MTL_FAST_MATH = YES;
				SDKROOT = iphoneos;
				SWIFT_COMPILATION_MODE = wholemodule;
				SWIFT_OPTIMIZATION_LEVEL = "-O";
				VALIDATE_PRODUCT = YES;
			};
			name = Release;
		};
		625C8F532225DA5200B045DA /* Debug */ = {
			isa = XCBuildConfiguration;
			buildSettings = {
				ASSETCATALOG_COMPILER_APPICON_NAME = AppIcon;
				CODE_SIGN_ENTITLEMENTS = continuum/continuum.entitlements;
				CODE_SIGN_STYLE = Automatic;
				DEVELOPMENT_TEAM = H8C27D6HU3;
				INFOPLIST_FILE = "$(SRCROOT)/continuum/Resources/Info.plist";
				LD_RUNPATH_SEARCH_PATHS = (
					"$(inherited)",
					"@executable_path/Frameworks",
				);
				PRODUCT_BUNDLE_IDENTIFIER = com.RyanGreenburg.Continuum;
				PRODUCT_NAME = "$(TARGET_NAME)";
				SWIFT_VERSION = 4.2;
				TARGETED_DEVICE_FAMILY = "1,2";
			};
			name = Debug;
		};
		625C8F542225DA5200B045DA /* Release */ = {
			isa = XCBuildConfiguration;
			buildSettings = {
				ASSETCATALOG_COMPILER_APPICON_NAME = AppIcon;
				CODE_SIGN_ENTITLEMENTS = continuum/continuum.entitlements;
				CODE_SIGN_STYLE = Automatic;
				DEVELOPMENT_TEAM = H8C27D6HU3;
				INFOPLIST_FILE = "$(SRCROOT)/continuum/Resources/Info.plist";
				LD_RUNPATH_SEARCH_PATHS = (
					"$(inherited)",
					"@executable_path/Frameworks",
				);
				PRODUCT_BUNDLE_IDENTIFIER = com.RyanGreenburg.Continuum;
				PRODUCT_NAME = "$(TARGET_NAME)";
				SWIFT_VERSION = 4.2;
				TARGETED_DEVICE_FAMILY = "1,2";
			};
			name = Release;
		};
/* End XCBuildConfiguration section */

/* Begin XCConfigurationList section */
		625C8F3B2225DA5200B045DA /* Build configuration list for PBXProject "continuum" */ = {
			isa = XCConfigurationList;
			buildConfigurations = (
				625C8F502225DA5200B045DA /* Debug */,
				625C8F512225DA5200B045DA /* Release */,
			);
			defaultConfigurationIsVisible = 0;
			defaultConfigurationName = Release;
		};
		625C8F522225DA5200B045DA /* Build configuration list for PBXNativeTarget "continuum" */ = {
			isa = XCConfigurationList;
			buildConfigurations = (
				625C8F532225DA5200B045DA /* Debug */,
				625C8F542225DA5200B045DA /* Release */,
			);
			defaultConfigurationIsVisible = 0;
			defaultConfigurationName = Release;
		};
/* End XCConfigurationList section */
	};
	rootObject = 625C8F382225DA5200B045DA /* Project object */;
}
